// !$*UTF8*$!
{
	archiveVersion = 1;
	classes = {
	};
	objectVersion = 56;
	objects = {

/* Begin PBXBuildFile section */
		220793C1292F26C10060DC5D /* FetchDataSampleApp.swift in Sources */ = {isa = PBXBuildFile; fileRef = 220793C0292F26C10060DC5D /* FetchDataSampleApp.swift */; };
		220793C3292F26C10060DC5D /* ContentView.swift in Sources */ = {isa = PBXBuildFile; fileRef = 220793C2292F26C10060DC5D /* ContentView.swift */; };
		220793C5292F26C20060DC5D /* Assets.xcassets in Resources */ = {isa = PBXBuildFile; fileRef = 220793C4292F26C20060DC5D /* Assets.xcassets */; };
		220793C8292F26C20060DC5D /* Preview Assets.xcassets in Resources */ = {isa = PBXBuildFile; fileRef = 220793C7292F26C20060DC5D /* Preview Assets.xcassets */; };
		220793CF292F32230060DC5D /* NetworkManager.swift in Sources */ = {isa = PBXBuildFile; fileRef = 220793CE292F32230060DC5D /* NetworkManager.swift */; };
		220793D1292F32D30060DC5D /* SpaceData.swift in Sources */ = {isa = PBXBuildFile; fileRef = 220793D0292F32D30060DC5D /* SpaceData.swift */; };
		220793D5292F35C30060DC5D /* DetailView.swift in Sources */ = {isa = PBXBuildFile; fileRef = 220793D4292F35C30060DC5D /* DetailView.swift */; };
		220793D7292F3CF80060DC5D /* Observer.swift in Sources */ = {isa = PBXBuildFile; fileRef = 220793D6292F3CF80060DC5D /* Observer.swift */; };
		220793D9292F5FED0060DC5D /* Message.swift in Sources */ = {isa = PBXBuildFile; fileRef = 220793D8292F5FED0060DC5D /* Message.swift */; };
		2288A63A292FCACC00DFC436 /* APIsInfo.plist in Resources */ = {isa = PBXBuildFile; fileRef = 2288A639292FCACC00DFC436 /* APIsInfo.plist */; };
		2288A63D292FCC6000DFC436 /* BundleExtension.swift in Sources */ = {isa = PBXBuildFile; fileRef = 2288A63C292FCC6000DFC436 /* BundleExtension.swift */; };
/* End PBXBuildFile section */

/* Begin PBXFileReference section */
		220793BD292F26C10060DC5D /* DailyCosmos.app */ = {isa = PBXFileReference; explicitFileType = wrapper.application; includeInIndex = 0; path = DailyCosmos.app; sourceTree = BUILT_PRODUCTS_DIR; };
		220793C0292F26C10060DC5D /* FetchDataSampleApp.swift */ = {isa = PBXFileReference; lastKnownFileType = sourcecode.swift; path = FetchDataSampleApp.swift; sourceTree = "<group>"; };
		220793C2292F26C10060DC5D /* ContentView.swift */ = {isa = PBXFileReference; lastKnownFileType = sourcecode.swift; path = ContentView.swift; sourceTree = "<group>"; };
		220793C4292F26C20060DC5D /* Assets.xcassets */ = {isa = PBXFileReference; lastKnownFileType = folder.assetcatalog; path = Assets.xcassets; sourceTree = "<group>"; };
		220793C7292F26C20060DC5D /* Preview Assets.xcassets */ = {isa = PBXFileReference; lastKnownFileType = folder.assetcatalog; path = "Preview Assets.xcassets"; sourceTree = "<group>"; };
		220793CE292F32230060DC5D /* NetworkManager.swift */ = {isa = PBXFileReference; lastKnownFileType = sourcecode.swift; path = NetworkManager.swift; sourceTree = "<group>"; };
		220793D0292F32D30060DC5D /* SpaceData.swift */ = {isa = PBXFileReference; lastKnownFileType = sourcecode.swift; path = SpaceData.swift; sourceTree = "<group>"; };
		220793D4292F35C30060DC5D /* DetailView.swift */ = {isa = PBXFileReference; lastKnownFileType = sourcecode.swift; path = DetailView.swift; sourceTree = "<group>"; };
		220793D6292F3CF80060DC5D /* Observer.swift */ = {isa = PBXFileReference; lastKnownFileType = sourcecode.swift; path = Observer.swift; sourceTree = "<group>"; };
		220793D8292F5FED0060DC5D /* Message.swift */ = {isa = PBXFileReference; lastKnownFileType = sourcecode.swift; path = Message.swift; sourceTree = "<group>"; };
		2288A639292FCACC00DFC436 /* APIsInfo.plist */ = {isa = PBXFileReference; lastKnownFileType = text.plist.xml; path = APIsInfo.plist; sourceTree = "<group>"; };
		2288A63C292FCC6000DFC436 /* BundleExtension.swift */ = {isa = PBXFileReference; lastKnownFileType = sourcecode.swift; path = BundleExtension.swift; sourceTree = "<group>"; };
/* End PBXFileReference section */

/* Begin PBXFrameworksBuildPhase section */
		220793BA292F26C10060DC5D /* Frameworks */ = {
			isa = PBXFrameworksBuildPhase;
			buildActionMask = 2147483647;
			files = (
			);
			runOnlyForDeploymentPostprocessing = 0;
		};
/* End PBXFrameworksBuildPhase section */

/* Begin PBXGroup section */
		220793B4292F26C00060DC5D = {
			isa = PBXGroup;
			children = (
				2288A639292FCACC00DFC436 /* APIsInfo.plist */,
				220793BF292F26C10060DC5D /* DailyCosmos */,
				220793BE292F26C10060DC5D /* Products */,
			);
			sourceTree = "<group>";
		};
		220793BE292F26C10060DC5D /* Products */ = {
			isa = PBXGroup;
			children = (
				220793BD292F26C10060DC5D /* DailyCosmos.app */,
			);
			name = Products;
			sourceTree = "<group>";
		};
		220793BF292F26C10060DC5D /* DailyCosmos */ = {
			isa = PBXGroup;
			children = (
				22A3AA6C2938E96B00EC2FB4 /* Network */,
				22A3AA6B2938E93200EC2FB4 /* View */,
				22A3AA6A2938E91A00EC2FB4 /* Model */,
				2288A63B292FCC4000DFC436 /* Extension */,
				220793C0292F26C10060DC5D /* FetchDataSampleApp.swift */,
				220793C4292F26C20060DC5D /* Assets.xcassets */,
				220793C6292F26C20060DC5D /* Preview Content */,
			);
			path = DailyCosmos;
			sourceTree = "<group>";
		};
		220793C6292F26C20060DC5D /* Preview Content */ = {
			isa = PBXGroup;
			children = (
				220793C7292F26C20060DC5D /* Preview Assets.xcassets */,
			);
			path = "Preview Content";
			sourceTree = "<group>";
		};
		2288A63B292FCC4000DFC436 /* Extension */ = {
			isa = PBXGroup;
			children = (
				2288A63C292FCC6000DFC436 /* BundleExtension.swift */,
			);
			path = Extension;
			sourceTree = "<group>";
		};
		22A3AA6A2938E91A00EC2FB4 /* Model */ = {
			isa = PBXGroup;
			children = (
				220793D6292F3CF80060DC5D /* Observer.swift */,
			);
			path = Model;
			sourceTree = "<group>";
		};
		22A3AA6B2938E93200EC2FB4 /* View */ = {
			isa = PBXGroup;
			children = (
				220793C2292F26C10060DC5D /* ContentView.swift */,
				220793D4292F35C30060DC5D /* DetailView.swift */,
			);
			path = View;
			sourceTree = "<group>";
		};
		22A3AA6C2938E96B00EC2FB4 /* Network */ = {
			isa = PBXGroup;
			children = (
				22A3AA6D2938E97600EC2FB4 /* APIModel */,
				220793CE292F32230060DC5D /* NetworkManager.swift */,
			);
			path = Network;
			sourceTree = "<group>";
		};
		22A3AA6D2938E97600EC2FB4 /* APIModel */ = {
			isa = PBXGroup;
			children = (
				220793D0292F32D30060DC5D /* SpaceData.swift */,
				220793D8292F5FED0060DC5D /* Message.swift */,
			);
			path = APIModel;
			sourceTree = "<group>";
		};
/* End PBXGroup section */

/* Begin PBXNativeTarget section */
		220793BC292F26C10060DC5D /* DailyCosmos */ = {
			isa = PBXNativeTarget;
			buildConfigurationList = 220793CB292F26C20060DC5D /* Build configuration list for PBXNativeTarget "DailyCosmos" */;
			buildPhases = (
				220793B9292F26C10060DC5D /* Sources */,
				220793BA292F26C10060DC5D /* Frameworks */,
				220793BB292F26C10060DC5D /* Resources */,
			);
			buildRules = (
			);
			dependencies = (
			);
			name = DailyCosmos;
			productName = FetchDataSample;
			productReference = 220793BD292F26C10060DC5D /* DailyCosmos.app */;
			productType = "com.apple.product-type.application";
		};
/* End PBXNativeTarget section */

/* Begin PBXProject section */
		220793B5292F26C00060DC5D /* Project object */ = {
			isa = PBXProject;
			attributes = {
				BuildIndependentTargetsInParallel = 1;
				LastSwiftUpdateCheck = 1410;
				LastUpgradeCheck = 1410;
				TargetAttributes = {
					220793BC292F26C10060DC5D = {
						CreatedOnToolsVersion = 14.1;
					};
				};
			};
			buildConfigurationList = 220793B8292F26C00060DC5D /* Build configuration list for PBXProject "DailyCosmos" */;
			compatibilityVersion = "Xcode 14.0";
			developmentRegion = en;
			hasScannedForEncodings = 0;
			knownRegions = (
				en,
				Base,
			);
			mainGroup = 220793B4292F26C00060DC5D;
			productRefGroup = 220793BE292F26C10060DC5D /* Products */;
			projectDirPath = "";
			projectRoot = "";
			targets = (
				220793BC292F26C10060DC5D /* DailyCosmos */,
			);
		};
/* End PBXProject section */

/* Begin PBXResourcesBuildPhase section */
		220793BB292F26C10060DC5D /* Resources */ = {
			isa = PBXResourcesBuildPhase;
			buildActionMask = 2147483647;
			files = (
				2288A63A292FCACC00DFC436 /* APIsInfo.plist in Resources */,
				220793C8292F26C20060DC5D /* Preview Assets.xcassets in Resources */,
				220793C5292F26C20060DC5D /* Assets.xcassets in Resources */,
			);
			runOnlyForDeploymentPostprocessing = 0;
		};
/* End PBXResourcesBuildPhase section */

/* Begin PBXSourcesBuildPhase section */
		220793B9292F26C10060DC5D /* Sources */ = {
			isa = PBXSourcesBuildPhase;
			buildActionMask = 2147483647;
			files = (
				220793D1292F32D30060DC5D /* SpaceData.swift in Sources */,
				220793D7292F3CF80060DC5D /* Observer.swift in Sources */,
				220793CF292F32230060DC5D /* NetworkManager.swift in Sources */,
				220793C3292F26C10060DC5D /* ContentView.swift in Sources */,
				220793D5292F35C30060DC5D /* DetailView.swift in Sources */,
				220793C1292F26C10060DC5D /* FetchDataSampleApp.swift in Sources */,
				220793D9292F5FED0060DC5D /* Message.swift in Sources */,
				2288A63D292FCC6000DFC436 /* BundleExtension.swift in Sources */,
			);
			runOnlyForDeploymentPostprocessing = 0;
		};
/* End PBXSourcesBuildPhase section */

/* Begin XCBuildConfiguration section */
		220793C9292F26C20060DC5D /* Debug */ = {
			isa = XCBuildConfiguration;
			buildSettings = {
				ALWAYS_SEARCH_USER_PATHS = NO;
				CLANG_ANALYZER_NONNULL = YES;
				CLANG_ANALYZER_NUMBER_OBJECT_CONVERSION = YES_AGGRESSIVE;
				CLANG_CXX_LANGUAGE_STANDARD = "gnu++20";
				CLANG_ENABLE_MODULES = YES;
				CLANG_ENABLE_OBJC_ARC = YES;
				CLANG_ENABLE_OBJC_WEAK = YES;
				CLANG_WARN_BLOCK_CAPTURE_AUTORELEASING = YES;
				CLANG_WARN_BOOL_CONVERSION = YES;
				CLANG_WARN_COMMA = YES;
				CLANG_WARN_CONSTANT_CONVERSION = YES;
				CLANG_WARN_DEPRECATED_OBJC_IMPLEMENTATIONS = YES;
				CLANG_WARN_DIRECT_OBJC_ISA_USAGE = YES_ERROR;
				CLANG_WARN_DOCUMENTATION_COMMENTS = YES;
				CLANG_WARN_EMPTY_BODY = YES;
				CLANG_WARN_ENUM_CONVERSION = YES;
				CLANG_WARN_INFINITE_RECURSION = YES;
				CLANG_WARN_INT_CONVERSION = YES;
				CLANG_WARN_NON_LITERAL_NULL_CONVERSION = YES;
				CLANG_WARN_OBJC_IMPLICIT_RETAIN_SELF = YES;
				CLANG_WARN_OBJC_LITERAL_CONVERSION = YES;
				CLANG_WARN_OBJC_ROOT_CLASS = YES_ERROR;
				CLANG_WARN_QUOTED_INCLUDE_IN_FRAMEWORK_HEADER = YES;
				CLANG_WARN_RANGE_LOOP_ANALYSIS = YES;
				CLANG_WARN_STRICT_PROTOTYPES = YES;
				CLANG_WARN_SUSPICIOUS_MOVE = YES;
				CLANG_WARN_UNGUARDED_AVAILABILITY = YES_AGGRESSIVE;
				CLANG_WARN_UNREACHABLE_CODE = YES;
				CLANG_WARN__DUPLICATE_METHOD_MATCH = YES;
				COPY_PHASE_STRIP = NO;
				DEBUG_INFORMATION_FORMAT = dwarf;
				ENABLE_STRICT_OBJC_MSGSEND = YES;
				ENABLE_TESTABILITY = YES;
				GCC_C_LANGUAGE_STANDARD = gnu11;
				GCC_DYNAMIC_NO_PIC = NO;
				GCC_NO_COMMON_BLOCKS = YES;
				GCC_OPTIMIZATION_LEVEL = 0;
				GCC_PREPROCESSOR_DEFINITIONS = (
					"DEBUG=1",
					"$(inherited)",
				);
				GCC_WARN_64_TO_32_BIT_CONVERSION = YES;
				GCC_WARN_ABOUT_RETURN_TYPE = YES_ERROR;
				GCC_WARN_UNDECLARED_SELECTOR = YES;
				GCC_WARN_UNINITIALIZED_AUTOS = YES_AGGRESSIVE;
				GCC_WARN_UNUSED_FUNCTION = YES;
				GCC_WARN_UNUSED_VARIABLE = YES;
				IPHONEOS_DEPLOYMENT_TARGET = 16.1;
				MTL_ENABLE_DEBUG_INFO = INCLUDE_SOURCE;
				MTL_FAST_MATH = YES;
				ONLY_ACTIVE_ARCH = YES;
				SDKROOT = iphoneos;
				SWIFT_ACTIVE_COMPILATION_CONDITIONS = DEBUG;
				SWIFT_OPTIMIZATION_LEVEL = "-Onone";
			};
			name = Debug;
		};
		220793CA292F26C20060DC5D /* Release */ = {
			isa = XCBuildConfiguration;
			buildSettings = {
				ALWAYS_SEARCH_USER_PATHS = NO;
				CLANG_ANALYZER_NONNULL = YES;
				CLANG_ANALYZER_NUMBER_OBJECT_CONVERSION = YES_AGGRESSIVE;
				CLANG_CXX_LANGUAGE_STANDARD = "gnu++20";
				CLANG_ENABLE_MODULES = YES;
				CLANG_ENABLE_OBJC_ARC = YES;
				CLANG_ENABLE_OBJC_WEAK = YES;
				CLANG_WARN_BLOCK_CAPTURE_AUTORELEASING = YES;
				CLANG_WARN_BOOL_CONVERSION = YES;
				CLANG_WARN_COMMA = YES;
				CLANG_WARN_CONSTANT_CONVERSION = YES;
				CLANG_WARN_DEPRECATED_OBJC_IMPLEMENTATIONS = YES;
				CLANG_WARN_DIRECT_OBJC_ISA_USAGE = YES_ERROR;
				CLANG_WARN_DOCUMENTATION_COMMENTS = YES;
				CLANG_WARN_EMPTY_BODY = YES;
				CLANG_WARN_ENUM_CONVERSION = YES;
				CLANG_WARN_INFINITE_RECURSION = YES;
				CLANG_WARN_INT_CONVERSION = YES;
				CLANG_WARN_NON_LITERAL_NULL_CONVERSION = YES;
				CLANG_WARN_OBJC_IMPLICIT_RETAIN_SELF = YES;
				CLANG_WARN_OBJC_LITERAL_CONVERSION = YES;
				CLANG_WARN_OBJC_ROOT_CLASS = YES_ERROR;
				CLANG_WARN_QUOTED_INCLUDE_IN_FRAMEWORK_HEADER = YES;
				CLANG_WARN_RANGE_LOOP_ANALYSIS = YES;
				CLANG_WARN_STRICT_PROTOTYPES = YES;
				CLANG_WARN_SUSPICIOUS_MOVE = YES;
				CLANG_WARN_UNGUARDED_AVAILABILITY = YES_AGGRESSIVE;
				CLANG_WARN_UNREACHABLE_CODE = YES;
				CLANG_WARN__DUPLICATE_METHOD_MATCH = YES;
				COPY_PHASE_STRIP = NO;
				DEBUG_INFORMATION_FORMAT = "dwarf-with-dsym";
				ENABLE_NS_ASSERTIONS = NO;
				ENABLE_STRICT_OBJC_MSGSEND = YES;
				GCC_C_LANGUAGE_STANDARD = gnu11;
				GCC_NO_COMMON_BLOCKS = YES;
				GCC_WARN_64_TO_32_BIT_CONVERSION = YES;
				GCC_WARN_ABOUT_RETURN_TYPE = YES_ERROR;
				GCC_WARN_UNDECLARED_SELECTOR = YES;
				GCC_WARN_UNINITIALIZED_AUTOS = YES_AGGRESSIVE;
				GCC_WARN_UNUSED_FUNCTION = YES;
				GCC_WARN_UNUSED_VARIABLE = YES;
				IPHONEOS_DEPLOYMENT_TARGET = 16.1;
				MTL_ENABLE_DEBUG_INFO = NO;
				MTL_FAST_MATH = YES;
				SDKROOT = iphoneos;
				SWIFT_COMPILATION_MODE = wholemodule;
				SWIFT_OPTIMIZATION_LEVEL = "-O";
				VALIDATE_PRODUCT = YES;
			};
			name = Release;
		};
		220793CC292F26C20060DC5D /* Debug */ = {
			isa = XCBuildConfiguration;
			buildSettings = {
				ASSETCATALOG_COMPILER_APPICON_NAME = AppIcon;
				ASSETCATALOG_COMPILER_GLOBAL_ACCENT_COLOR_NAME = AccentColor;
				CODE_SIGN_STYLE = Automatic;
				CURRENT_PROJECT_VERSION = 1;
				DEVELOPMENT_ASSET_PATHS = "\"DailyCosmos/Preview Content\"";
				ENABLE_PREVIEWS = YES;
				GENERATE_INFOPLIST_FILE = YES;
				INFOPLIST_FILE = "";
				INFOPLIST_KEY_UIApplicationSceneManifest_Generation = YES;
				INFOPLIST_KEY_UIApplicationSupportsIndirectInputEvents = YES;
				INFOPLIST_KEY_UILaunchScreen_Generation = YES;
				INFOPLIST_KEY_UISupportedInterfaceOrientations_iPad = "UIInterfaceOrientationPortrait UIInterfaceOrientationPortraitUpsideDown UIInterfaceOrientationLandscapeLeft UIInterfaceOrientationLandscapeRight";
				INFOPLIST_KEY_UISupportedInterfaceOrientations_iPhone = "UIInterfaceOrientationPortrait UIInterfaceOrientationLandscapeLeft UIInterfaceOrientationLandscapeRight";
				LD_RUNPATH_SEARCH_PATHS = (
					"$(inherited)",
					"@executable_path/Frameworks",
				);
				MARKETING_VERSION = 1.0;
				PRODUCT_BUNDLE_IDENTIFIER = com.jegyun.DailyCosmos;
				PRODUCT_NAME = "$(TARGET_NAME)";
				SWIFT_EMIT_LOC_STRINGS = YES;
				SWIFT_VERSION = 5.0;
				TARGETED_DEVICE_FAMILY = "1,2";
			};
			name = Debug;
		};
		220793CD292F26C20060DC5D /* Release */ = {
			isa = XCBuildConfiguration;
			buildSettings = {
				ASSETCATALOG_COMPILER_APPICON_NAME = AppIcon;
				ASSETCATALOG_COMPILER_GLOBAL_ACCENT_COLOR_NAME = AccentColor;
				CODE_SIGN_STYLE = Automatic;
				CURRENT_PROJECT_VERSION = 1;
				DEVELOPMENT_ASSET_PATHS = "\"DailyCosmos/Preview Content\"";
				ENABLE_PREVIEWS = YES;
				GENERATE_INFOPLIST_FILE = YES;
				INFOPLIST_FILE = "";
				INFOPLIST_KEY_UIApplicationSceneManifest_Generation = YES;
				INFOPLIST_KEY_UIApplicationSupportsIndirectInputEvents = YES;
				INFOPLIST_KEY_UILaunchScreen_Generation = YES;
				INFOPLIST_KEY_UISupportedInterfaceOrientations_iPad = "UIInterfaceOrientationPortrait UIInterfaceOrientationPortraitUpsideDown UIInterfaceOrientationLandscapeLeft UIInterfaceOrientationLandscapeRight";
				INFOPLIST_KEY_UISupportedInterfaceOrientations_iPhone = "UIInterfaceOrientationPortrait UIInterfaceOrientationLandscapeLeft UIInterfaceOrientationLandscapeRight";
				LD_RUNPATH_SEARCH_PATHS = (
					"$(inherited)",
					"@executable_path/Frameworks",
				);
				MARKETING_VERSION = 1.0;
				PRODUCT_BUNDLE_IDENTIFIER = com.jegyun.DailyCosmos;
				PRODUCT_NAME = "$(TARGET_NAME)";
				SWIFT_EMIT_LOC_STRINGS = YES;
				SWIFT_VERSION = 5.0;
				TARGETED_DEVICE_FAMILY = "1,2";
			};
			name = Release;
		};
/* End XCBuildConfiguration section */

/* Begin XCConfigurationList section */
		220793B8292F26C00060DC5D /* Build configuration list for PBXProject "DailyCosmos" */ = {
			isa = XCConfigurationList;
			buildConfigurations = (
				220793C9292F26C20060DC5D /* Debug */,
				220793CA292F26C20060DC5D /* Release */,
			);
			defaultConfigurationIsVisible = 0;
			defaultConfigurationName = Release;
		};
		220793CB292F26C20060DC5D /* Build configuration list for PBXNativeTarget "DailyCosmos" */ = {
			isa = XCConfigurationList;
			buildConfigurations = (
				220793CC292F26C20060DC5D /* Debug */,
				220793CD292F26C20060DC5D /* Release */,
			);
			defaultConfigurationIsVisible = 0;
			defaultConfigurationName = Release;
		};
/* End XCConfigurationList section */
	};
	rootObject = 220793B5292F26C00060DC5D /* Project object */;
}
